# THIS IS AN AUTOGENERATED FILE. DO NOT EDIT THIS FILE DIRECTLY.
# yarn lockfile v1


vali-admin@^3.0.0:
  version "3.0.0"
  resolved "https://registry.yarnpkg.com/vali-admin/-/vali-admin-3.0.0.tgz#ba24ddd6162732cfc2cceae311020d87cd3f1e32"
  integrity sha512-TOpn/AAdhiVVHpvb1pg9/HmF3rKOpqNbvxjLkW5kmaGs11AC5XAAXlfIX7KzA4d4lMB6byEYshmav0nk2tEJXA==
